// !$*UTF8*$!
{
	archiveVersion = 1;
	classes = {
	};
	objectVersion = 77;
	objects = {

/* Begin PBXBuildFile section */
		C6459E212DADB1A900894551 /* Snikket in Frameworks */ = {isa = PBXBuildFile; productRef = C6459E202DADB1A900894551 /* Snikket */; };
		C6459E242DADB1C200894551 /* ExyteChat in Frameworks */ = {isa = PBXBuildFile; productRef = C6459E232DADB1C200894551 /* ExyteChat */; };
		C6459E272DADB1CE00894551 /* SVGView in Frameworks */ = {isa = PBXBuildFile; productRef = C6459E262DADB1CE00894551 /* SVGView */; };
		C6459E2A2DADB1D800894551 /* ZMarkupParser in Frameworks */ = {isa = PBXBuildFile; productRef = C6459E292DADB1D800894551 /* ZMarkupParser */; };
/* End PBXBuildFile section */

/* Begin PBXContainerItemProxy section */
		C690B5732DADB0E300448FE2 /* PBXContainerItemProxy */ = {
			isa = PBXContainerItemProxy;
			containerPortal = C690B5592DADB0E200448FE2 /* Project object */;
			proxyType = 1;
			remoteGlobalIDString = C690B5602DADB0E200448FE2;
			remoteInfo = Snikket;
		};
		C690B57D2DADB0E300448FE2 /* PBXContainerItemProxy */ = {
			isa = PBXContainerItemProxy;
			containerPortal = C690B5592DADB0E200448FE2 /* Project object */;
			proxyType = 1;
			remoteGlobalIDString = C690B5602DADB0E200448FE2;
			remoteInfo = Snikket;
		};
/* End PBXContainerItemProxy section */

/* Begin PBXFileReference section */
		C6459E2D2DADB2CB00894551 /* SnikketApp-Info.plist */ = {isa = PBXFileReference; lastKnownFileType = text.plist; path = "SnikketApp-Info.plist"; sourceTree = "<group>"; };
		C690B5612DADB0E300448FE2 /* SnikketApp.app */ = {isa = PBXFileReference; explicitFileType = wrapper.application; includeInIndex = 0; path = SnikketApp.app; sourceTree = BUILT_PRODUCTS_DIR; };
		C690B5722DADB0E300448FE2 /* SnikketTests.xctest */ = {isa = PBXFileReference; explicitFileType = wrapper.cfbundle; includeInIndex = 0; path = SnikketTests.xctest; sourceTree = BUILT_PRODUCTS_DIR; };
		C690B57C2DADB0E300448FE2 /* SnikketUITests.xctest */ = {isa = PBXFileReference; explicitFileType = wrapper.cfbundle; includeInIndex = 0; path = SnikketUITests.xctest; sourceTree = BUILT_PRODUCTS_DIR; };
/* End PBXFileReference section */

/* Begin PBXFileSystemSynchronizedRootGroup section */
		C690B5632DADB0E300448FE2 /* Snikket */ = {
			isa = PBXFileSystemSynchronizedRootGroup;
			path = Snikket;
			sourceTree = "<group>";
		};
		C690B5752DADB0E300448FE2 /* SnikketTests */ = {
			isa = PBXFileSystemSynchronizedRootGroup;
			path = SnikketTests;
			sourceTree = "<group>";
		};
		C690B57F2DADB0E300448FE2 /* SnikketUITests */ = {
			isa = PBXFileSystemSynchronizedRootGroup;
			path = SnikketUITests;
			sourceTree = "<group>";
		};
/* End PBXFileSystemSynchronizedRootGroup section */

/* Begin PBXFrameworksBuildPhase section */
		C690B55E2DADB0E200448FE2 /* Frameworks */ = {
			isa = PBXFrameworksBuildPhase;
			buildActionMask = 2147483647;
			files = (
				C6459E2A2DADB1D800894551 /* ZMarkupParser in Frameworks */,
				C6459E272DADB1CE00894551 /* SVGView in Frameworks */,
				C6459E242DADB1C200894551 /* ExyteChat in Frameworks */,
				C6459E212DADB1A900894551 /* Snikket in Frameworks */,
			);
			runOnlyForDeploymentPostprocessing = 0;
		};
		C690B56F2DADB0E300448FE2 /* Frameworks */ = {
			isa = PBXFrameworksBuildPhase;
			buildActionMask = 2147483647;
			files = (
			);
			runOnlyForDeploymentPostprocessing = 0;
		};
		C690B5792DADB0E300448FE2 /* Frameworks */ = {
			isa = PBXFrameworksBuildPhase;
			buildActionMask = 2147483647;
			files = (
			);
			runOnlyForDeploymentPostprocessing = 0;
		};
/* End PBXFrameworksBuildPhase section */

/* Begin PBXGroup section */
		C690B5582DADB0E200448FE2 = {
			isa = PBXGroup;
			children = (
				C6459E2D2DADB2CB00894551 /* SnikketApp-Info.plist */,
				C690B5632DADB0E300448FE2 /* Snikket */,
				C690B5752DADB0E300448FE2 /* SnikketTests */,
				C690B57F2DADB0E300448FE2 /* SnikketUITests */,
				C690B5622DADB0E300448FE2 /* Products */,
			);
			sourceTree = "<group>";
		};
		C690B5622DADB0E300448FE2 /* Products */ = {
			isa = PBXGroup;
			children = (
				C690B5612DADB0E300448FE2 /* SnikketApp.app */,
				C690B5722DADB0E300448FE2 /* SnikketTests.xctest */,
				C690B57C2DADB0E300448FE2 /* SnikketUITests.xctest */,
			);
			name = Products;
			sourceTree = "<group>";
		};
/* End PBXGroup section */

/* Begin PBXNativeTarget section */
		C690B5602DADB0E200448FE2 /* SnikketApp */ = {
			isa = PBXNativeTarget;
			buildConfigurationList = C690B5862DADB0E300448FE2 /* Build configuration list for PBXNativeTarget "SnikketApp" */;
			buildPhases = (
				C690B55D2DADB0E200448FE2 /* Sources */,
				C690B55E2DADB0E200448FE2 /* Frameworks */,
				C690B55F2DADB0E200448FE2 /* Resources */,
			);
			buildRules = (
			);
			dependencies = (
			);
			fileSystemSynchronizedGroups = (
				C690B5632DADB0E300448FE2 /* Snikket */,
			);
			name = SnikketApp;
			packageProductDependencies = (
				C6459E202DADB1A900894551 /* Snikket */,
				C6459E232DADB1C200894551 /* ExyteChat */,
				C6459E262DADB1CE00894551 /* SVGView */,
				C6459E292DADB1D800894551 /* ZMarkupParser */,
			);
			productName = Snikket;
			productReference = C690B5612DADB0E300448FE2 /* SnikketApp.app */;
			productType = "com.apple.product-type.application";
		};
		C690B5712DADB0E300448FE2 /* SnikketTests */ = {
			isa = PBXNativeTarget;
			buildConfigurationList = C690B5892DADB0E300448FE2 /* Build configuration list for PBXNativeTarget "SnikketTests" */;
			buildPhases = (
				C690B56E2DADB0E300448FE2 /* Sources */,
				C690B56F2DADB0E300448FE2 /* Frameworks */,
				C690B5702DADB0E300448FE2 /* Resources */,
			);
			buildRules = (
			);
			dependencies = (
				C690B5742DADB0E300448FE2 /* PBXTargetDependency */,
			);
			fileSystemSynchronizedGroups = (
				C690B5752DADB0E300448FE2 /* SnikketTests */,
			);
			name = SnikketTests;
			packageProductDependencies = (
			);
			productName = SnikketTests;
			productReference = C690B5722DADB0E300448FE2 /* SnikketTests.xctest */;
			productType = "com.apple.product-type.bundle.unit-test";
		};
		C690B57B2DADB0E300448FE2 /* SnikketUITests */ = {
			isa = PBXNativeTarget;
			buildConfigurationList = C690B58C2DADB0E300448FE2 /* Build configuration list for PBXNativeTarget "SnikketUITests" */;
			buildPhases = (
				C690B5782DADB0E300448FE2 /* Sources */,
				C690B5792DADB0E300448FE2 /* Frameworks */,
				C690B57A2DADB0E300448FE2 /* Resources */,
			);
			buildRules = (
			);
			dependencies = (
				C690B57E2DADB0E300448FE2 /* PBXTargetDependency */,
			);
			fileSystemSynchronizedGroups = (
				C690B57F2DADB0E300448FE2 /* SnikketUITests */,
			);
			name = SnikketUITests;
			packageProductDependencies = (
			);
			productName = SnikketUITests;
			productReference = C690B57C2DADB0E300448FE2 /* SnikketUITests.xctest */;
			productType = "com.apple.product-type.bundle.ui-testing";
		};
/* End PBXNativeTarget section */

/* Begin PBXProject section */
		C690B5592DADB0E200448FE2 /* Project object */ = {
			isa = PBXProject;
			attributes = {
				BuildIndependentTargetsInParallel = 1;
				LastSwiftUpdateCheck = 1620;
				LastUpgradeCheck = 1620;
				TargetAttributes = {
					C690B5602DADB0E200448FE2 = {
						CreatedOnToolsVersion = 16.2;
					};
					C690B5712DADB0E300448FE2 = {
						CreatedOnToolsVersion = 16.2;
						TestTargetID = C690B5602DADB0E200448FE2;
					};
					C690B57B2DADB0E300448FE2 = {
						CreatedOnToolsVersion = 16.2;
						TestTargetID = C690B5602DADB0E200448FE2;
					};
				};
			};
			buildConfigurationList = C690B55C2DADB0E200448FE2 /* Build configuration list for PBXProject "Snikket" */;
			developmentRegion = en;
			hasScannedForEncodings = 0;
			knownRegions = (
				en,
				Base,
			);
			mainGroup = C690B5582DADB0E200448FE2;
			minimizedProjectReferenceProxies = 1;
			packageReferences = (
				C6459E1F2DADB1A900894551 /* XCLocalSwiftPackageReference "../snikket-swift" */,
				C6459E222DADB1C200894551 /* XCRemoteSwiftPackageReference "Chat" */,
				C6459E252DADB1CE00894551 /* XCRemoteSwiftPackageReference "SVGView" */,
				C6459E282DADB1D800894551 /* XCRemoteSwiftPackageReference "ZMarkupParser" */,
			);
			preferredProjectObjectVersion = 77;
			productRefGroup = C690B5622DADB0E300448FE2 /* Products */;
			projectDirPath = "";
			projectRoot = "";
			targets = (
				C690B5602DADB0E200448FE2 /* SnikketApp */,
				C690B5712DADB0E300448FE2 /* SnikketTests */,
				C690B57B2DADB0E300448FE2 /* SnikketUITests */,
			);
		};
/* End PBXProject section */

/* Begin PBXResourcesBuildPhase section */
		C690B55F2DADB0E200448FE2 /* Resources */ = {
			isa = PBXResourcesBuildPhase;
			buildActionMask = 2147483647;
			files = (
			);
			runOnlyForDeploymentPostprocessing = 0;
		};
		C690B5702DADB0E300448FE2 /* Resources */ = {
			isa = PBXResourcesBuildPhase;
			buildActionMask = 2147483647;
			files = (
			);
			runOnlyForDeploymentPostprocessing = 0;
		};
		C690B57A2DADB0E300448FE2 /* Resources */ = {
			isa = PBXResourcesBuildPhase;
			buildActionMask = 2147483647;
			files = (
			);
			runOnlyForDeploymentPostprocessing = 0;
		};
/* End PBXResourcesBuildPhase section */

/* Begin PBXSourcesBuildPhase section */
		C690B55D2DADB0E200448FE2 /* Sources */ = {
			isa = PBXSourcesBuildPhase;
			buildActionMask = 2147483647;
			files = (
			);
			runOnlyForDeploymentPostprocessing = 0;
		};
		C690B56E2DADB0E300448FE2 /* Sources */ = {
			isa = PBXSourcesBuildPhase;
			buildActionMask = 2147483647;
			files = (
			);
			runOnlyForDeploymentPostprocessing = 0;
		};
		C690B5782DADB0E300448FE2 /* Sources */ = {
			isa = PBXSourcesBuildPhase;
			buildActionMask = 2147483647;
			files = (
			);
			runOnlyForDeploymentPostprocessing = 0;
		};
/* End PBXSourcesBuildPhase section */

/* Begin PBXTargetDependency section */
		C690B5742DADB0E300448FE2 /* PBXTargetDependency */ = {
			isa = PBXTargetDependency;
			target = C690B5602DADB0E200448FE2 /* SnikketApp */;
			targetProxy = C690B5732DADB0E300448FE2 /* PBXContainerItemProxy */;
		};
		C690B57E2DADB0E300448FE2 /* PBXTargetDependency */ = {
			isa = PBXTargetDependency;
			target = C690B5602DADB0E200448FE2 /* SnikketApp */;
			targetProxy = C690B57D2DADB0E300448FE2 /* PBXContainerItemProxy */;
		};
/* End PBXTargetDependency section */

/* Begin XCBuildConfiguration section */
		C690B5842DADB0E300448FE2 /* Debug */ = {
			isa = XCBuildConfiguration;
			buildSettings = {
				ALWAYS_SEARCH_USER_PATHS = NO;
				ASSETCATALOG_COMPILER_GENERATE_SWIFT_ASSET_SYMBOL_EXTENSIONS = YES;
				CLANG_ANALYZER_NONNULL = YES;
				CLANG_ANALYZER_NUMBER_OBJECT_CONVERSION = YES_AGGRESSIVE;
				CLANG_CXX_LANGUAGE_STANDARD = "gnu++20";
				CLANG_ENABLE_MODULES = YES;
				CLANG_ENABLE_OBJC_ARC = YES;
				CLANG_ENABLE_OBJC_WEAK = YES;
				CLANG_WARN_BLOCK_CAPTURE_AUTORELEASING = YES;
				CLANG_WARN_BOOL_CONVERSION = YES;
				CLANG_WARN_COMMA = YES;
				CLANG_WARN_CONSTANT_CONVERSION = YES;
				CLANG_WARN_DEPRECATED_OBJC_IMPLEMENTATIONS = YES;
				CLANG_WARN_DIRECT_OBJC_ISA_USAGE = YES_ERROR;
				CLANG_WARN_DOCUMENTATION_COMMENTS = YES;
				CLANG_WARN_EMPTY_BODY = YES;
				CLANG_WARN_ENUM_CONVERSION = YES;
				CLANG_WARN_INFINITE_RECURSION = YES;
				CLANG_WARN_INT_CONVERSION = YES;
				CLANG_WARN_NON_LITERAL_NULL_CONVERSION = YES;
				CLANG_WARN_OBJC_IMPLICIT_RETAIN_SELF = YES;
				CLANG_WARN_OBJC_LITERAL_CONVERSION = YES;
				CLANG_WARN_OBJC_ROOT_CLASS = YES_ERROR;
				CLANG_WARN_QUOTED_INCLUDE_IN_FRAMEWORK_HEADER = YES;
				CLANG_WARN_RANGE_LOOP_ANALYSIS = YES;
				CLANG_WARN_STRICT_PROTOTYPES = YES;
				CLANG_WARN_SUSPICIOUS_MOVE = YES;
				CLANG_WARN_UNGUARDED_AVAILABILITY = YES_AGGRESSIVE;
				CLANG_WARN_UNREACHABLE_CODE = YES;
				CLANG_WARN__DUPLICATE_METHOD_MATCH = YES;
				COPY_PHASE_STRIP = NO;
				DEBUG_INFORMATION_FORMAT = dwarf;
				ENABLE_STRICT_OBJC_MSGSEND = YES;
				ENABLE_TESTABILITY = YES;
				ENABLE_USER_SCRIPT_SANDBOXING = YES;
				GCC_C_LANGUAGE_STANDARD = gnu17;
				GCC_DYNAMIC_NO_PIC = NO;
				GCC_NO_COMMON_BLOCKS = YES;
				GCC_OPTIMIZATION_LEVEL = 0;
				GCC_PREPROCESSOR_DEFINITIONS = (
					"DEBUG=1",
					"$(inherited)",
				);
				GCC_WARN_64_TO_32_BIT_CONVERSION = YES;
				GCC_WARN_ABOUT_RETURN_TYPE = YES_ERROR;
				GCC_WARN_UNDECLARED_SELECTOR = YES;
				GCC_WARN_UNINITIALIZED_AUTOS = YES_AGGRESSIVE;
				GCC_WARN_UNUSED_FUNCTION = YES;
				GCC_WARN_UNUSED_VARIABLE = YES;
				LOCALIZATION_PREFERS_STRING_CATALOGS = YES;
				MTL_ENABLE_DEBUG_INFO = INCLUDE_SOURCE;
				MTL_FAST_MATH = YES;
				ONLY_ACTIVE_ARCH = YES;
				SWIFT_ACTIVE_COMPILATION_CONDITIONS = "DEBUG $(inherited)";
				SWIFT_OPTIMIZATION_LEVEL = "-Onone";
			};
			name = Debug;
		};
		C690B5852DADB0E300448FE2 /* Release */ = {
			isa = XCBuildConfiguration;
			buildSettings = {
				ALWAYS_SEARCH_USER_PATHS = NO;
				ASSETCATALOG_COMPILER_GENERATE_SWIFT_ASSET_SYMBOL_EXTENSIONS = YES;
				CLANG_ANALYZER_NONNULL = YES;
				CLANG_ANALYZER_NUMBER_OBJECT_CONVERSION = YES_AGGRESSIVE;
				CLANG_CXX_LANGUAGE_STANDARD = "gnu++20";
				CLANG_ENABLE_MODULES = YES;
				CLANG_ENABLE_OBJC_ARC = YES;
				CLANG_ENABLE_OBJC_WEAK = YES;
				CLANG_WARN_BLOCK_CAPTURE_AUTORELEASING = YES;
				CLANG_WARN_BOOL_CONVERSION = YES;
				CLANG_WARN_COMMA = YES;
				CLANG_WARN_CONSTANT_CONVERSION = YES;
				CLANG_WARN_DEPRECATED_OBJC_IMPLEMENTATIONS = YES;
				CLANG_WARN_DIRECT_OBJC_ISA_USAGE = YES_ERROR;
				CLANG_WARN_DOCUMENTATION_COMMENTS = YES;
				CLANG_WARN_EMPTY_BODY = YES;
				CLANG_WARN_ENUM_CONVERSION = YES;
				CLANG_WARN_INFINITE_RECURSION = YES;
				CLANG_WARN_INT_CONVERSION = YES;
				CLANG_WARN_NON_LITERAL_NULL_CONVERSION = YES;
				CLANG_WARN_OBJC_IMPLICIT_RETAIN_SELF = YES;
				CLANG_WARN_OBJC_LITERAL_CONVERSION = YES;
				CLANG_WARN_OBJC_ROOT_CLASS = YES_ERROR;
				CLANG_WARN_QUOTED_INCLUDE_IN_FRAMEWORK_HEADER = YES;
				CLANG_WARN_RANGE_LOOP_ANALYSIS = YES;
				CLANG_WARN_STRICT_PROTOTYPES = YES;
				CLANG_WARN_SUSPICIOUS_MOVE = YES;
				CLANG_WARN_UNGUARDED_AVAILABILITY = YES_AGGRESSIVE;
				CLANG_WARN_UNREACHABLE_CODE = YES;
				CLANG_WARN__DUPLICATE_METHOD_MATCH = YES;
				COPY_PHASE_STRIP = NO;
				DEBUG_INFORMATION_FORMAT = "dwarf-with-dsym";
				ENABLE_NS_ASSERTIONS = NO;
				ENABLE_STRICT_OBJC_MSGSEND = YES;
				ENABLE_USER_SCRIPT_SANDBOXING = YES;
				GCC_C_LANGUAGE_STANDARD = gnu17;
				GCC_NO_COMMON_BLOCKS = YES;
				GCC_WARN_64_TO_32_BIT_CONVERSION = YES;
				GCC_WARN_ABOUT_RETURN_TYPE = YES_ERROR;
				GCC_WARN_UNDECLARED_SELECTOR = YES;
				GCC_WARN_UNINITIALIZED_AUTOS = YES_AGGRESSIVE;
				GCC_WARN_UNUSED_FUNCTION = YES;
				GCC_WARN_UNUSED_VARIABLE = YES;
				LOCALIZATION_PREFERS_STRING_CATALOGS = YES;
				MTL_ENABLE_DEBUG_INFO = NO;
				MTL_FAST_MATH = YES;
				SWIFT_COMPILATION_MODE = wholemodule;
			};
			name = Release;
		};
		C690B5872DADB0E300448FE2 /* Debug */ = {
			isa = XCBuildConfiguration;
			buildSettings = {
				ASSETCATALOG_COMPILER_APPICON_NAME = AppIcon;
				ASSETCATALOG_COMPILER_GLOBAL_ACCENT_COLOR_NAME = AccentColor;
				CODE_SIGN_ENTITLEMENTS = Snikket/Snikket.entitlements;
				CODE_SIGN_STYLE = Automatic;
				CURRENT_PROJECT_VERSION = 1;
				DEVELOPMENT_ASSET_PATHS = "\"Snikket/Preview Content\"";
				DEVELOPMENT_TEAM = 2YH6MCD3C8;
				ENABLE_HARDENED_RUNTIME = YES;
				ENABLE_PREVIEWS = YES;
				GENERATE_INFOPLIST_FILE = YES;
				INFOPLIST_FILE = "SnikketApp-Info.plist";
				INFOPLIST_KEY_NSAppleMusicUsageDescription = "Used to show the user a media picker for attaching media to a chat";
				"INFOPLIST_KEY_UIApplicationSceneManifest_Generation[sdk=iphoneos*]" = YES;
				"INFOPLIST_KEY_UIApplicationSceneManifest_Generation[sdk=iphonesimulator*]" = YES;
				"INFOPLIST_KEY_UIApplicationSupportsIndirectInputEvents[sdk=iphoneos*]" = YES;
				"INFOPLIST_KEY_UIApplicationSupportsIndirectInputEvents[sdk=iphonesimulator*]" = YES;
				"INFOPLIST_KEY_UILaunchScreen_Generation[sdk=iphoneos*]" = YES;
				"INFOPLIST_KEY_UILaunchScreen_Generation[sdk=iphonesimulator*]" = YES;
				"INFOPLIST_KEY_UIStatusBarStyle[sdk=iphoneos*]" = UIStatusBarStyleDefault;
				"INFOPLIST_KEY_UIStatusBarStyle[sdk=iphonesimulator*]" = UIStatusBarStyleDefault;
				INFOPLIST_KEY_UISupportedInterfaceOrientations_iPad = "UIInterfaceOrientationPortrait UIInterfaceOrientationPortraitUpsideDown UIInterfaceOrientationLandscapeLeft UIInterfaceOrientationLandscapeRight";
				INFOPLIST_KEY_UISupportedInterfaceOrientations_iPhone = "UIInterfaceOrientationPortrait UIInterfaceOrientationLandscapeLeft UIInterfaceOrientationLandscapeRight";
				IPHONEOS_DEPLOYMENT_TARGET = 18.2;
				LD_RUNPATH_SEARCH_PATHS = "@executable_path/Frameworks";
				"LD_RUNPATH_SEARCH_PATHS[sdk=macosx*]" = "@executable_path/../Frameworks";
				MACOSX_DEPLOYMENT_TARGET = 15.2;
				MARKETING_VERSION = 1.0;
				PRODUCT_BUNDLE_IDENTIFIER = org.snikket.ios;
				PRODUCT_NAME = "$(TARGET_NAME)";
				SDKROOT = auto;
				SUPPORTED_PLATFORMS = "iphoneos iphonesimulator macosx xros xrsimulator";
				SWIFT_EMIT_LOC_STRINGS = YES;
				SWIFT_VERSION = 5.0;
				TARGETED_DEVICE_FAMILY = "1,2,7";
				XROS_DEPLOYMENT_TARGET = 2.2;
			};
			name = Debug;
		};
		C690B5882DADB0E300448FE2 /* Release */ = {
			isa = XCBuildConfiguration;
			buildSettings = {
				ASSETCATALOG_COMPILER_APPICON_NAME = AppIcon;
				ASSETCATALOG_COMPILER_GLOBAL_ACCENT_COLOR_NAME = AccentColor;
				CODE_SIGN_ENTITLEMENTS = Snikket/Snikket.entitlements;
				CODE_SIGN_STYLE = Automatic;
				CURRENT_PROJECT_VERSION = 1;
				DEVELOPMENT_ASSET_PATHS = "\"Snikket/Preview Content\"";
				DEVELOPMENT_TEAM = 2YH6MCD3C8;
				ENABLE_HARDENED_RUNTIME = YES;
				ENABLE_PREVIEWS = YES;
				GENERATE_INFOPLIST_FILE = YES;
				INFOPLIST_FILE = "SnikketApp-Info.plist";
				INFOPLIST_KEY_NSAppleMusicUsageDescription = "Used to show the user a media picker for attaching media to a chat";
				"INFOPLIST_KEY_UIApplicationSceneManifest_Generation[sdk=iphoneos*]" = YES;
				"INFOPLIST_KEY_UIApplicationSceneManifest_Generation[sdk=iphonesimulator*]" = YES;
				"INFOPLIST_KEY_UIApplicationSupportsIndirectInputEvents[sdk=iphoneos*]" = YES;
				"INFOPLIST_KEY_UIApplicationSupportsIndirectInputEvents[sdk=iphonesimulator*]" = YES;
				"INFOPLIST_KEY_UILaunchScreen_Generation[sdk=iphoneos*]" = YES;
				"INFOPLIST_KEY_UILaunchScreen_Generation[sdk=iphonesimulator*]" = YES;
				"INFOPLIST_KEY_UIStatusBarStyle[sdk=iphoneos*]" = UIStatusBarStyleDefault;
				"INFOPLIST_KEY_UIStatusBarStyle[sdk=iphonesimulator*]" = UIStatusBarStyleDefault;
				INFOPLIST_KEY_UISupportedInterfaceOrientations_iPad = "UIInterfaceOrientationPortrait UIInterfaceOrientationPortraitUpsideDown UIInterfaceOrientationLandscapeLeft UIInterfaceOrientationLandscapeRight";
				INFOPLIST_KEY_UISupportedInterfaceOrientations_iPhone = "UIInterfaceOrientationPortrait UIInterfaceOrientationLandscapeLeft UIInterfaceOrientationLandscapeRight";
				IPHONEOS_DEPLOYMENT_TARGET = 18.2;
				LD_RUNPATH_SEARCH_PATHS = "@executable_path/Frameworks";
				"LD_RUNPATH_SEARCH_PATHS[sdk=macosx*]" = "@executable_path/../Frameworks";
				MACOSX_DEPLOYMENT_TARGET = 15.2;
				MARKETING_VERSION = 1.0;
				PRODUCT_BUNDLE_IDENTIFIER = org.snikket.ios;
				PRODUCT_NAME = "$(TARGET_NAME)";
				SDKROOT = auto;
				SUPPORTED_PLATFORMS = "iphoneos iphonesimulator macosx xros xrsimulator";
				SWIFT_EMIT_LOC_STRINGS = YES;
				SWIFT_VERSION = 5.0;
				TARGETED_DEVICE_FAMILY = "1,2,7";
				XROS_DEPLOYMENT_TARGET = 2.2;
			};
			name = Release;
		};
		C690B58A2DADB0E300448FE2 /* Debug */ = {
			isa = XCBuildConfiguration;
			buildSettings = {
				BUNDLE_LOADER = "$(TEST_HOST)";
				CODE_SIGN_STYLE = Automatic;
				CURRENT_PROJECT_VERSION = 1;
				DEVELOPMENT_TEAM = 2YH6MCD3C8;
				GENERATE_INFOPLIST_FILE = YES;
				IPHONEOS_DEPLOYMENT_TARGET = 18.2;
				MACOSX_DEPLOYMENT_TARGET = 15.2;
				MARKETING_VERSION = 1.0;
				PRODUCT_BUNDLE_IDENTIFIER = org.snikket.ios.SnikketTests;
				PRODUCT_NAME = "$(TARGET_NAME)";
				SDKROOT = auto;
				SUPPORTED_PLATFORMS = "iphoneos iphonesimulator macosx xros xrsimulator";
				SWIFT_EMIT_LOC_STRINGS = NO;
				SWIFT_VERSION = 5.0;
				TARGETED_DEVICE_FAMILY = "1,2,7";
				TEST_HOST = "$(BUILT_PRODUCTS_DIR)/Snikket.app/$(BUNDLE_EXECUTABLE_FOLDER_PATH)/Snikket";
				XROS_DEPLOYMENT_TARGET = 2.2;
			};
			name = Debug;
		};
		C690B58B2DADB0E300448FE2 /* Release */ = {
			isa = XCBuildConfiguration;
			buildSettings = {
				BUNDLE_LOADER = "$(TEST_HOST)";
				CODE_SIGN_STYLE = Automatic;
				CURRENT_PROJECT_VERSION = 1;
				DEVELOPMENT_TEAM = 2YH6MCD3C8;
				GENERATE_INFOPLIST_FILE = YES;
				IPHONEOS_DEPLOYMENT_TARGET = 18.2;
				MACOSX_DEPLOYMENT_TARGET = 15.2;
				MARKETING_VERSION = 1.0;
				PRODUCT_BUNDLE_IDENTIFIER = org.snikket.ios.SnikketTests;
				PRODUCT_NAME = "$(TARGET_NAME)";
				SDKROOT = auto;
				SUPPORTED_PLATFORMS = "iphoneos iphonesimulator macosx xros xrsimulator";
				SWIFT_EMIT_LOC_STRINGS = NO;
				SWIFT_VERSION = 5.0;
				TARGETED_DEVICE_FAMILY = "1,2,7";
				TEST_HOST = "$(BUILT_PRODUCTS_DIR)/Snikket.app/$(BUNDLE_EXECUTABLE_FOLDER_PATH)/Snikket";
				XROS_DEPLOYMENT_TARGET = 2.2;
			};
			name = Release;
		};
		C690B58D2DADB0E300448FE2 /* Debug */ = {
			isa = XCBuildConfiguration;
			buildSettings = {
				CODE_SIGN_STYLE = Automatic;
				CURRENT_PROJECT_VERSION = 1;
				DEVELOPMENT_TEAM = 2YH6MCD3C8;
				GENERATE_INFOPLIST_FILE = YES;
				IPHONEOS_DEPLOYMENT_TARGET = 18.2;
				MACOSX_DEPLOYMENT_TARGET = 15.2;
				MARKETING_VERSION = 1.0;
				PRODUCT_BUNDLE_IDENTIFIER = org.snikket.ios.SnikketUITests;
				PRODUCT_NAME = "$(TARGET_NAME)";
				SDKROOT = auto;
				SUPPORTED_PLATFORMS = "iphoneos iphonesimulator macosx xros xrsimulator";
				SWIFT_EMIT_LOC_STRINGS = NO;
				SWIFT_VERSION = 5.0;
				TARGETED_DEVICE_FAMILY = "1,2,7";
				TEST_TARGET_NAME = Snikket;
				XROS_DEPLOYMENT_TARGET = 2.2;
			};
			name = Debug;
		};
		C690B58E2DADB0E300448FE2 /* Release */ = {
			isa = XCBuildConfiguration;
			buildSettings = {
				CODE_SIGN_STYLE = Automatic;
				CURRENT_PROJECT_VERSION = 1;
				DEVELOPMENT_TEAM = 2YH6MCD3C8;
				GENERATE_INFOPLIST_FILE = YES;
				IPHONEOS_DEPLOYMENT_TARGET = 18.2;
				MACOSX_DEPLOYMENT_TARGET = 15.2;
				MARKETING_VERSION = 1.0;
				PRODUCT_BUNDLE_IDENTIFIER = org.snikket.ios.SnikketUITests;
				PRODUCT_NAME = "$(TARGET_NAME)";
				SDKROOT = auto;
				SUPPORTED_PLATFORMS = "iphoneos iphonesimulator macosx xros xrsimulator";
				SWIFT_EMIT_LOC_STRINGS = NO;
				SWIFT_VERSION = 5.0;
				TARGETED_DEVICE_FAMILY = "1,2,7";
				TEST_TARGET_NAME = Snikket;
				XROS_DEPLOYMENT_TARGET = 2.2;
			};
			name = Release;
		};
/* End XCBuildConfiguration section */

/* Begin XCConfigurationList section */
		C690B55C2DADB0E200448FE2 /* Build configuration list for PBXProject "Snikket" */ = {
			isa = XCConfigurationList;
			buildConfigurations = (
				C690B5842DADB0E300448FE2 /* Debug */,
				C690B5852DADB0E300448FE2 /* Release */,
			);
			defaultConfigurationIsVisible = 0;
			defaultConfigurationName = Release;
		};
		C690B5862DADB0E300448FE2 /* Build configuration list for PBXNativeTarget "SnikketApp" */ = {
			isa = XCConfigurationList;
			buildConfigurations = (
				C690B5872DADB0E300448FE2 /* Debug */,
				C690B5882DADB0E300448FE2 /* Release */,
			);
			defaultConfigurationIsVisible = 0;
			defaultConfigurationName = Release;
		};
		C690B5892DADB0E300448FE2 /* Build configuration list for PBXNativeTarget "SnikketTests" */ = {
			isa = XCConfigurationList;
			buildConfigurations = (
				C690B58A2DADB0E300448FE2 /* Debug */,
				C690B58B2DADB0E300448FE2 /* Release */,
			);
			defaultConfigurationIsVisible = 0;
			defaultConfigurationName = Release;
		};
		C690B58C2DADB0E300448FE2 /* Build configuration list for PBXNativeTarget "SnikketUITests" */ = {
			isa = XCConfigurationList;
			buildConfigurations = (
				C690B58D2DADB0E300448FE2 /* Debug */,
				C690B58E2DADB0E300448FE2 /* Release */,
			);
			defaultConfigurationIsVisible = 0;
			defaultConfigurationName = Release;
		};
/* End XCConfigurationList section */

/* Begin XCLocalSwiftPackageReference section */
		C6459E1F2DADB1A900894551 /* XCLocalSwiftPackageReference "../snikket-swift" */ = {
			isa = XCLocalSwiftPackageReference;
			relativePath = "../snikket-swift";
		};
/* End XCLocalSwiftPackageReference section */

/* Begin XCRemoteSwiftPackageReference section */
		C6459E222DADB1C200894551 /* XCRemoteSwiftPackageReference "Chat" */ = {
			isa = XCRemoteSwiftPackageReference;
			repositoryURL = "https://github.com/exyte/Chat.git";
			requirement = {
				kind = upToNextMajorVersion;
				minimumVersion = 2.6.0;
			};
		};
		C6459E252DADB1CE00894551 /* XCRemoteSwiftPackageReference "SVGView" */ = {
			isa = XCRemoteSwiftPackageReference;
			repositoryURL = "https://github.com/exyte/SVGView.git";
			requirement = {
				kind = upToNextMajorVersion;
				minimumVersion = 1.0.6;
			};
		};
		C6459E282DADB1D800894551 /* XCRemoteSwiftPackageReference "ZMarkupParser" */ = {
			isa = XCRemoteSwiftPackageReference;
			repositoryURL = "https://github.com/ZhgChgLi/ZMarkupParser.git";
			requirement = {
				branch = main;
				kind = branch;
			};
		};
/* End XCRemoteSwiftPackageReference section */

/* Begin XCSwiftPackageProductDependency section */
		C6459E202DADB1A900894551 /* Snikket */ = {
			isa = XCSwiftPackageProductDependency;
			productName = Snikket;
		};
		C6459E232DADB1C200894551 /* ExyteChat */ = {
			isa = XCSwiftPackageProductDependency;
			package = C6459E222DADB1C200894551 /* XCRemoteSwiftPackageReference "Chat" */;
			productName = ExyteChat;
		};
		C6459E262DADB1CE00894551 /* SVGView */ = {
			isa = XCSwiftPackageProductDependency;
			package = C6459E252DADB1CE00894551 /* XCRemoteSwiftPackageReference "SVGView" */;
			productName = SVGView;
		};
		C6459E292DADB1D800894551 /* ZMarkupParser */ = {
			isa = XCSwiftPackageProductDependency;
			package = C6459E282DADB1D800894551 /* XCRemoteSwiftPackageReference "ZMarkupParser" */;
			productName = ZMarkupParser;
		};
/* End XCSwiftPackageProductDependency section */
	};
	rootObject = C690B5592DADB0E200448FE2 /* Project object */;
}
